// !$*UTF8*$!
{
	archiveVersion = 1;
	classes = {
	};
	objectVersion = 46;
	objects = {

/* Begin PBXBuildFile section */
		3B3275C31DD4FFF800805D45 /* AppDelegate.swift in Sources */ = {isa = PBXBuildFile; fileRef = 3B3275C21DD4FFF800805D45 /* AppDelegate.swift */; };
		3B3275C51DD4FFF800805D45 /* ViewController.swift in Sources */ = {isa = PBXBuildFile; fileRef = 3B3275C41DD4FFF800805D45 /* ViewController.swift */; };
		3B3275C81DD4FFF800805D45 /* Main.storyboard in Resources */ = {isa = PBXBuildFile; fileRef = 3B3275C61DD4FFF800805D45 /* Main.storyboard */; };
		3B3275CB1DD4FFF800805D45 /* Tatoos.xcdatamodeld in Sources */ = {isa = PBXBuildFile; fileRef = 3B3275C91DD4FFF800805D45 /* Tatoos.xcdatamodeld */; };
		3B3275CD1DD4FFF800805D45 /* Assets.xcassets in Resources */ = {isa = PBXBuildFile; fileRef = 3B3275CC1DD4FFF800805D45 /* Assets.xcassets */; };
		3B3275D01DD4FFF800805D45 /* LaunchScreen.storyboard in Resources */ = {isa = PBXBuildFile; fileRef = 3B3275CE1DD4FFF800805D45 /* LaunchScreen.storyboard */; };
		3B3275E31DD500CF00805D45 /* CoreDataStack.swift in Sources */ = {isa = PBXBuildFile; fileRef = 3B3275E21DD500CF00805D45 /* CoreDataStack.swift */; };
		3B3275E51DD5012400805D45 /* DataManager.swift in Sources */ = {isa = PBXBuildFile; fileRef = 3B3275E41DD5012400805D45 /* DataManager.swift */; };
		3B3276021DD5061100805D45 /* Course+CoreDataClass.swift in Sources */ = {isa = PBXBuildFile; fileRef = 3B3275FE1DD5061100805D45 /* Course+CoreDataClass.swift */; };
		3B3276031DD5061100805D45 /* Course+CoreDataProperties.swift in Sources */ = {isa = PBXBuildFile; fileRef = 3B3275FF1DD5061100805D45 /* Course+CoreDataProperties.swift */; };
		3B3276041DD5061100805D45 /* Student+CoreDataClass.swift in Sources */ = {isa = PBXBuildFile; fileRef = 3B3276001DD5061100805D45 /* Student+CoreDataClass.swift */; };
		3B3276051DD5061100805D45 /* Student+CoreDataProperties.swift in Sources */ = {isa = PBXBuildFile; fileRef = 3B3276011DD5061100805D45 /* Student+CoreDataProperties.swift */; };
		3B3276911DD5243300805D45 /* XCGLogger.framework in Frameworks */ = {isa = PBXBuildFile; fileRef = 3B3276821DD5240900805D45 /* XCGLogger.framework */; };
		3B3276921DD5243300805D45 /* XCGLogger.framework in Embed Frameworks */ = {isa = PBXBuildFile; fileRef = 3B3276821DD5240900805D45 /* XCGLogger.framework */; settings = {ATTRIBUTES = (CodeSignOnCopy, RemoveHeadersOnCopy, ); }; };
		3B8251881DDA877D002943E1 /* StudentListViewController.swift in Sources */ = {isa = PBXBuildFile; fileRef = 3B8251851DDA877D002943E1 /* StudentListViewController.swift */; };
		3B8251891DDA877D002943E1 /* EnrollCourseViewController.swift in Sources */ = {isa = PBXBuildFile; fileRef = 3B8251861DDA877D002943E1 /* EnrollCourseViewController.swift */; };
		3B82518A1DDA877D002943E1 /* StudentCell.swift in Sources */ = {isa = PBXBuildFile; fileRef = 3B8251871DDA877D002943E1 /* StudentCell.swift */; };
		3B8251951DDA8A07002943E1 /* EnrollCell.swift in Sources */ = {isa = PBXBuildFile; fileRef = 3B8251941DDA8A07002943E1 /* EnrollCell.swift */; };
		3B8251971DDA8C9E002943E1 /* AddStudentViewController.swift in Sources */ = {isa = PBXBuildFile; fileRef = 3B8251961DDA8C9E002943E1 /* AddStudentViewController.swift */; };
		3B9961EB1DDC120000D42F26 /* EnrollmentViewController.swift in Sources */ = {isa = PBXBuildFile; fileRef = 3B9961EA1DDC120000D42F26 /* EnrollmentViewController.swift */; };
		3BEC55D61DDBBB60000F9B09 /* AddCourseViewController.swift in Sources */ = {isa = PBXBuildFile; fileRef = 3BEC55D51DDBBB60000F9B09 /* AddCourseViewController.swift */; };
		3BF1938A1DDBAC60000EB817 /* CourseListViewController.swift in Sources */ = {isa = PBXBuildFile; fileRef = 3BF193891DDBAC60000EB817 /* CourseListViewController.swift */; };
		3BF193931DDBADC8000EB817 /* CourseCell.swift in Sources */ = {isa = PBXBuildFile; fileRef = 3BF193921DDBADC8000EB817 /* CourseCell.swift */; };
/* End PBXBuildFile section */

/* Begin PBXContainerItemProxy section */
		3B3276811DD5240900805D45 /* PBXContainerItemProxy */ = {
			isa = PBXContainerItemProxy;
			containerPortal = 3B3276761DD5240900805D45 /* XCGLogger.xcodeproj */;
			proxyType = 2;
			remoteGlobalIDString = 55E3EE4519D76F280068C3A7;
			remoteInfo = "XCGLogger (iOS)";
		};
		3B3276831DD5240900805D45 /* PBXContainerItemProxy */ = {
			isa = PBXContainerItemProxy;
			containerPortal = 3B3276761DD5240900805D45 /* XCGLogger.xcodeproj */;
			proxyType = 2;
			remoteGlobalIDString = 554DF41719D76FE7005708BE;
			remoteInfo = "XCGLogger (OS X)";
		};
		3B3276851DD5240900805D45 /* PBXContainerItemProxy */ = {
			isa = PBXContainerItemProxy;
			containerPortal = 3B3276761DD5240900805D45 /* XCGLogger.xcodeproj */;
			proxyType = 2;
			remoteGlobalIDString = 70CB94201B99E728007802FF;
			remoteInfo = "XCGLogger (watchOS)";
		};
		3B3276871DD5240900805D45 /* PBXContainerItemProxy */ = {
			isa = PBXContainerItemProxy;
			containerPortal = 3B3276761DD5240900805D45 /* XCGLogger.xcodeproj */;
			proxyType = 2;
			remoteGlobalIDString = 5515A3DF1BA119FA0047BA31;
			remoteInfo = "XCGLogger (tvOS)";
		};
		3B3276891DD5240900805D45 /* PBXContainerItemProxy */ = {
			isa = PBXContainerItemProxy;
			containerPortal = 3B3276761DD5240900805D45 /* XCGLogger.xcodeproj */;
			proxyType = 2;
			remoteGlobalIDString = 55E3EE5019D76F280068C3A7;
			remoteInfo = XCGLoggerTests_iOS;
		};
		3B32768B1DD5240900805D45 /* PBXContainerItemProxy */ = {
			isa = PBXContainerItemProxy;
			containerPortal = 3B3276761DD5240900805D45 /* XCGLogger.xcodeproj */;
			proxyType = 2;
			remoteGlobalIDString = 55BB1F011B79DC7500709779;
			remoteInfo = XCGLoggerTests_OSX;
		};
		3B32768D1DD5240900805D45 /* PBXContainerItemProxy */ = {
			isa = PBXContainerItemProxy;
			containerPortal = 3B3276761DD5240900805D45 /* XCGLogger.xcodeproj */;
			proxyType = 2;
			remoteGlobalIDString = 558EEB851D6BAC61006A9C7A;
			remoteInfo = XCGLoggerTests_watchOS;
		};
		3B32768F1DD5240900805D45 /* PBXContainerItemProxy */ = {
			isa = PBXContainerItemProxy;
			containerPortal = 3B3276761DD5240900805D45 /* XCGLogger.xcodeproj */;
			proxyType = 2;
			remoteGlobalIDString = 558EEB921D6BAC66006A9C7A;
			remoteInfo = XCGLoggerTests_tvOS;
		};
		3B3276931DD5243300805D45 /* PBXContainerItemProxy */ = {
			isa = PBXContainerItemProxy;
			containerPortal = 3B3276761DD5240900805D45 /* XCGLogger.xcodeproj */;
			proxyType = 1;
			remoteGlobalIDString = 55E3EE4419D76F280068C3A7;
			remoteInfo = "XCGLogger (iOS)";
		};
/* End PBXContainerItemProxy section */

/* Begin PBXCopyFilesBuildPhase section */
		3B3276951DD5243300805D45 /* Embed Frameworks */ = {
			isa = PBXCopyFilesBuildPhase;
			buildActionMask = 2147483647;
			dstPath = "";
			dstSubfolderSpec = 10;
			files = (
				3B3276921DD5243300805D45 /* XCGLogger.framework in Embed Frameworks */,
			);
			name = "Embed Frameworks";
			runOnlyForDeploymentPostprocessing = 0;
		};
/* End PBXCopyFilesBuildPhase section */

/* Begin PBXFileReference section */
		3B3275BF1DD4FFF800805D45 /* Tatoos.app */ = {isa = PBXFileReference; explicitFileType = wrapper.application; includeInIndex = 0; path = Tatoos.app; sourceTree = BUILT_PRODUCTS_DIR; };
		3B3275C21DD4FFF800805D45 /* AppDelegate.swift */ = {isa = PBXFileReference; lastKnownFileType = sourcecode.swift; path = AppDelegate.swift; sourceTree = "<group>"; };
		3B3275C41DD4FFF800805D45 /* ViewController.swift */ = {isa = PBXFileReference; lastKnownFileType = sourcecode.swift; path = ViewController.swift; sourceTree = "<group>"; };
		3B3275C71DD4FFF800805D45 /* Base */ = {isa = PBXFileReference; lastKnownFileType = file.storyboard; name = Base; path = Base.lproj/Main.storyboard; sourceTree = "<group>"; };
		3B3275CA1DD4FFF800805D45 /* Tatoos.xcdatamodel */ = {isa = PBXFileReference; lastKnownFileType = wrapper.xcdatamodel; path = Tatoos.xcdatamodel; sourceTree = "<group>"; };
		3B3275CC1DD4FFF800805D45 /* Assets.xcassets */ = {isa = PBXFileReference; lastKnownFileType = folder.assetcatalog; path = Assets.xcassets; sourceTree = "<group>"; };
		3B3275CF1DD4FFF800805D45 /* Base */ = {isa = PBXFileReference; lastKnownFileType = file.storyboard; name = Base; path = Base.lproj/LaunchScreen.storyboard; sourceTree = "<group>"; };
		3B3275D11DD4FFF800805D45 /* Info.plist */ = {isa = PBXFileReference; lastKnownFileType = text.plist.xml; path = Info.plist; sourceTree = "<group>"; };
		3B3275E21DD500CF00805D45 /* CoreDataStack.swift */ = {isa = PBXFileReference; fileEncoding = 4; lastKnownFileType = sourcecode.swift; name = CoreDataStack.swift; path = models/CoreDataStack.swift; sourceTree = "<group>"; };
		3B3275E41DD5012400805D45 /* DataManager.swift */ = {isa = PBXFileReference; fileEncoding = 4; lastKnownFileType = sourcecode.swift; name = DataManager.swift; path = models/DataManager.swift; sourceTree = "<group>"; };
		3B3275FE1DD5061100805D45 /* Course+CoreDataClass.swift */ = {isa = PBXFileReference; fileEncoding = 4; lastKnownFileType = sourcecode.swift; name = "Course+CoreDataClass.swift"; path = "models/Course+CoreDataClass.swift"; sourceTree = "<group>"; };
		3B3275FF1DD5061100805D45 /* Course+CoreDataProperties.swift */ = {isa = PBXFileReference; fileEncoding = 4; lastKnownFileType = sourcecode.swift; name = "Course+CoreDataProperties.swift"; path = "models/Course+CoreDataProperties.swift"; sourceTree = "<group>"; };
		3B3276001DD5061100805D45 /* Student+CoreDataClass.swift */ = {isa = PBXFileReference; fileEncoding = 4; lastKnownFileType = sourcecode.swift; name = "Student+CoreDataClass.swift"; path = "models/Student+CoreDataClass.swift"; sourceTree = "<group>"; };
		3B3276011DD5061100805D45 /* Student+CoreDataProperties.swift */ = {isa = PBXFileReference; fileEncoding = 4; lastKnownFileType = sourcecode.swift; name = "Student+CoreDataProperties.swift"; path = "models/Student+CoreDataProperties.swift"; sourceTree = "<group>"; };
		3B3276761DD5240900805D45 /* XCGLogger.xcodeproj */ = {isa = PBXFileReference; lastKnownFileType = "wrapper.pb-project"; name = XCGLogger.xcodeproj; path = XCGLogger/Sources/XCGLogger.xcodeproj; sourceTree = SOURCE_ROOT; };
		3B8251851DDA877D002943E1 /* StudentListViewController.swift */ = {isa = PBXFileReference; fileEncoding = 4; lastKnownFileType = sourcecode.swift; name = StudentListViewController.swift; path = students/StudentListViewController.swift; sourceTree = "<group>"; };
		3B8251861DDA877D002943E1 /* EnrollCourseViewController.swift */ = {isa = PBXFileReference; fileEncoding = 4; lastKnownFileType = sourcecode.swift; name = EnrollCourseViewController.swift; path = students/EnrollCourseViewController.swift; sourceTree = "<group>"; };
		3B8251871DDA877D002943E1 /* StudentCell.swift */ = {isa = PBXFileReference; fileEncoding = 4; lastKnownFileType = sourcecode.swift; name = StudentCell.swift; path = students/StudentCell.swift; sourceTree = "<group>"; };
		3B8251941DDA8A07002943E1 /* EnrollCell.swift */ = {isa = PBXFileReference; fileEncoding = 4; lastKnownFileType = sourcecode.swift; name = EnrollCell.swift; path = students/EnrollCell.swift; sourceTree = "<group>"; };
		3B8251961DDA8C9E002943E1 /* AddStudentViewController.swift */ = {isa = PBXFileReference; fileEncoding = 4; lastKnownFileType = sourcecode.swift; name = AddStudentViewController.swift; path = students/AddStudentViewController.swift; sourceTree = "<group>"; };
		3B9961EA1DDC120000D42F26 /* EnrollmentViewController.swift */ = {isa = PBXFileReference; fileEncoding = 4; lastKnownFileType = sourcecode.swift; name = EnrollmentViewController.swift; path = courses/EnrollmentViewController.swift; sourceTree = "<group>"; };
		3BEC55D51DDBBB60000F9B09 /* AddCourseViewController.swift */ = {isa = PBXFileReference; fileEncoding = 4; lastKnownFileType = sourcecode.swift; name = AddCourseViewController.swift; path = courses/AddCourseViewController.swift; sourceTree = "<group>"; };
		3BF193891DDBAC60000EB817 /* CourseListViewController.swift */ = {isa = PBXFileReference; fileEncoding = 4; lastKnownFileType = sourcecode.swift; name = CourseListViewController.swift; path = courses/CourseListViewController.swift; sourceTree = "<group>"; };
		3BF193921DDBADC8000EB817 /* CourseCell.swift */ = {isa = PBXFileReference; fileEncoding = 4; lastKnownFileType = sourcecode.swift; name = CourseCell.swift; path = courses/CourseCell.swift; sourceTree = "<group>"; };
/* End PBXFileReference section */

/* Begin PBXFrameworksBuildPhase section */
		3B3275BC1DD4FFF800805D45 /* Frameworks */ = {
			isa = PBXFrameworksBuildPhase;
			buildActionMask = 2147483647;
			files = (
				3B3276911DD5243300805D45 /* XCGLogger.framework in Frameworks */,
			);
			runOnlyForDeploymentPostprocessing = 0;
		};
/* End PBXFrameworksBuildPhase section */

/* Begin PBXGroup section */
		3B3275B61DD4FFF800805D45 = {
			isa = PBXGroup;
			children = (
				3B3275C11DD4FFF800805D45 /* Tatoos */,
				3B3275C01DD4FFF800805D45 /* Products */,
			);
			sourceTree = "<group>";
		};
		3B3275C01DD4FFF800805D45 /* Products */ = {
			isa = PBXGroup;
			children = (
				3B3275BF1DD4FFF800805D45 /* Tatoos.app */,
			);
			name = Products;
			sourceTree = "<group>";
		};
		3B3275C11DD4FFF800805D45 /* Tatoos */ = {
			isa = PBXGroup;
			children = (
				3B3275C21DD4FFF800805D45 /* AppDelegate.swift */,
				3B3275C41DD4FFF800805D45 /* ViewController.swift */,
				3B3275D71DD5000400805D45 /* models */,
				3B3275D81DD5001200805D45 /* students */,
				3B3275D91DD5001800805D45 /* courses */,
				3B3276071DD519AF00805D45 /* libraries */,
				3B3275C61DD4FFF800805D45 /* Main.storyboard */,
				3B3275CC1DD4FFF800805D45 /* Assets.xcassets */,
				3B3275CE1DD4FFF800805D45 /* LaunchScreen.storyboard */,
				3B3275D11DD4FFF800805D45 /* Info.plist */,
				3B3275C91DD4FFF800805D45 /* Tatoos.xcdatamodeld */,
			);
			path = Tatoos;
			sourceTree = "<group>";
		};
		3B3275D71DD5000400805D45 /* models */ = {
			isa = PBXGroup;
			children = (
				3B3275E21DD500CF00805D45 /* CoreDataStack.swift */,
				3B3275E41DD5012400805D45 /* DataManager.swift */,
				3B3275FE1DD5061100805D45 /* Course+CoreDataClass.swift */,
				3B3275FF1DD5061100805D45 /* Course+CoreDataProperties.swift */,
				3B3276001DD5061100805D45 /* Student+CoreDataClass.swift */,
				3B3276011DD5061100805D45 /* Student+CoreDataProperties.swift */,
			);
			name = models;
			sourceTree = "<group>";
		};
		3B3275D81DD5001200805D45 /* students */ = {
			isa = PBXGroup;
			children = (
				3B8251851DDA877D002943E1 /* StudentListViewController.swift */,
				3B8251871DDA877D002943E1 /* StudentCell.swift */,
				3B8251861DDA877D002943E1 /* EnrollCourseViewController.swift */,
				3B8251941DDA8A07002943E1 /* EnrollCell.swift */,
				3B8251961DDA8C9E002943E1 /* AddStudentViewController.swift */,
			);
			name = students;
			sourceTree = "<group>";
		};
		3B3275D91DD5001800805D45 /* courses */ = {
			isa = PBXGroup;
			children = (
				3BF193891DDBAC60000EB817 /* CourseListViewController.swift */,
				3BF193921DDBADC8000EB817 /* CourseCell.swift */,
				3BEC55D51DDBBB60000F9B09 /* AddCourseViewController.swift */,
				3B9961EA1DDC120000D42F26 /* EnrollmentViewController.swift */,
			);
			name = courses;
			sourceTree = "<group>";
		};
		3B3276071DD519AF00805D45 /* libraries */ = {
			isa = PBXGroup;
			children = (
				3B3276761DD5240900805D45 /* XCGLogger.xcodeproj */,
			);
			name = libraries;
			sourceTree = "<group>";
		};
		3B3276771DD5240900805D45 /* Products */ = {
			isa = PBXGroup;
			children = (
				3B3276821DD5240900805D45 /* XCGLogger.framework */,
				3B3276841DD5240900805D45 /* XCGLogger.framework */,
				3B3276861DD5240900805D45 /* XCGLogger.framework */,
				3B3276881DD5240900805D45 /* XCGLogger.framework */,
				3B32768A1DD5240900805D45 /* XCGLoggerTests_iOS.xctest */,
				3B32768C1DD5240900805D45 /* XCGLoggerTests (OS X).xctest */,
				3B32768E1DD5240900805D45 /* XCGLoggerTests_watchOS.xctest */,
				3B3276901DD5240900805D45 /* XCGLoggerTests_tvOS.xctest */,
			);
			name = Products;
			sourceTree = "<group>";
		};
/* End PBXGroup section */

/* Begin PBXNativeTarget section */
		3B3275BE1DD4FFF800805D45 /* Tatoos */ = {
			isa = PBXNativeTarget;
			buildConfigurationList = 3B3275D41DD4FFF800805D45 /* Build configuration list for PBXNativeTarget "Tatoos" */;
			buildPhases = (
				3B3275BB1DD4FFF800805D45 /* Sources */,
				3B3275BC1DD4FFF800805D45 /* Frameworks */,
				3B3275BD1DD4FFF800805D45 /* Resources */,
				3B3276951DD5243300805D45 /* Embed Frameworks */,
			);
			buildRules = (
			);
			dependencies = (
				3B3276941DD5243300805D45 /* PBXTargetDependency */,
			);
			name = Tatoos;
			productName = Tatoos;
			productReference = 3B3275BF1DD4FFF800805D45 /* Tatoos.app */;
			productType = "com.apple.product-type.application";
		};
/* End PBXNativeTarget section */

/* Begin PBXProject section */
		3B3275B71DD4FFF800805D45 /* Project object */ = {
			isa = PBXProject;
			attributes = {
				LastSwiftUpdateCheck = 0800;
				LastUpgradeCheck = 0810;
				ORGANIZATIONNAME = "Pego Consulting";
				TargetAttributes = {
					3B3275BE1DD4FFF800805D45 = {
						CreatedOnToolsVersion = 8.0;
						DevelopmentTeam = 2473KE85XF;
						ProvisioningStyle = Automatic;
					};
				};
			};
			buildConfigurationList = 3B3275BA1DD4FFF800805D45 /* Build configuration list for PBXProject "Tatoos" */;
			compatibilityVersion = "Xcode 3.2";
			developmentRegion = English;
			hasScannedForEncodings = 0;
			knownRegions = (
				en,
				Base,
			);
			mainGroup = 3B3275B61DD4FFF800805D45;
			productRefGroup = 3B3275C01DD4FFF800805D45 /* Products */;
			projectDirPath = "";
			projectReferences = (
				{
					ProductGroup = 3B3276771DD5240900805D45 /* Products */;
					ProjectRef = 3B3276761DD5240900805D45 /* XCGLogger.xcodeproj */;
				},
			);
			projectRoot = "";
			targets = (
				3B3275BE1DD4FFF800805D45 /* Tatoos */,
			);
		};
/* End PBXProject section */

/* Begin PBXReferenceProxy section */
		3B3276821DD5240900805D45 /* XCGLogger.framework */ = {
			isa = PBXReferenceProxy;
			fileType = wrapper.framework;
			path = XCGLogger.framework;
			remoteRef = 3B3276811DD5240900805D45 /* PBXContainerItemProxy */;
			sourceTree = BUILT_PRODUCTS_DIR;
		};
		3B3276841DD5240900805D45 /* XCGLogger.framework */ = {
			isa = PBXReferenceProxy;
			fileType = wrapper.framework;
			path = XCGLogger.framework;
			remoteRef = 3B3276831DD5240900805D45 /* PBXContainerItemProxy */;
			sourceTree = BUILT_PRODUCTS_DIR;
		};
		3B3276861DD5240900805D45 /* XCGLogger.framework */ = {
			isa = PBXReferenceProxy;
			fileType = wrapper.framework;
			path = XCGLogger.framework;
			remoteRef = 3B3276851DD5240900805D45 /* PBXContainerItemProxy */;
			sourceTree = BUILT_PRODUCTS_DIR;
		};
		3B3276881DD5240900805D45 /* XCGLogger.framework */ = {
			isa = PBXReferenceProxy;
			fileType = wrapper.framework;
			path = XCGLogger.framework;
			remoteRef = 3B3276871DD5240900805D45 /* PBXContainerItemProxy */;
			sourceTree = BUILT_PRODUCTS_DIR;
		};
		3B32768A1DD5240900805D45 /* XCGLoggerTests_iOS.xctest */ = {
			isa = PBXReferenceProxy;
			fileType = wrapper.cfbundle;
			path = XCGLoggerTests_iOS.xctest;
			remoteRef = 3B3276891DD5240900805D45 /* PBXContainerItemProxy */;
			sourceTree = BUILT_PRODUCTS_DIR;
		};
		3B32768C1DD5240900805D45 /* XCGLoggerTests (OS X).xctest */ = {
			isa = PBXReferenceProxy;
			fileType = wrapper.cfbundle;
			path = "XCGLoggerTests (OS X).xctest";
			remoteRef = 3B32768B1DD5240900805D45 /* PBXContainerItemProxy */;
			sourceTree = BUILT_PRODUCTS_DIR;
		};
		3B32768E1DD5240900805D45 /* XCGLoggerTests_watchOS.xctest */ = {
			isa = PBXReferenceProxy;
			fileType = wrapper.cfbundle;
			path = XCGLoggerTests_watchOS.xctest;
			remoteRef = 3B32768D1DD5240900805D45 /* PBXContainerItemProxy */;
			sourceTree = BUILT_PRODUCTS_DIR;
		};
		3B3276901DD5240900805D45 /* XCGLoggerTests_tvOS.xctest */ = {
			isa = PBXReferenceProxy;
			fileType = wrapper.cfbundle;
			path = XCGLoggerTests_tvOS.xctest;
			remoteRef = 3B32768F1DD5240900805D45 /* PBXContainerItemProxy */;
			sourceTree = BUILT_PRODUCTS_DIR;
		};
/* End PBXReferenceProxy section */

/* Begin PBXResourcesBuildPhase section */
		3B3275BD1DD4FFF800805D45 /* Resources */ = {
			isa = PBXResourcesBuildPhase;
			buildActionMask = 2147483647;
			files = (
				3B3275D01DD4FFF800805D45 /* LaunchScreen.storyboard in Resources */,
				3B3275CD1DD4FFF800805D45 /* Assets.xcassets in Resources */,
				3B3275C81DD4FFF800805D45 /* Main.storyboard in Resources */,
			);
			runOnlyForDeploymentPostprocessing = 0;
		};
/* End PBXResourcesBuildPhase section */

/* Begin PBXSourcesBuildPhase section */
		3B3275BB1DD4FFF800805D45 /* Sources */ = {
			isa = PBXSourcesBuildPhase;
			buildActionMask = 2147483647;
			files = (
				3B9961EB1DDC120000D42F26 /* EnrollmentViewController.swift in Sources */,
				3B8251881DDA877D002943E1 /* StudentListViewController.swift in Sources */,
				3BF193931DDBADC8000EB817 /* CourseCell.swift in Sources */,
				3B3276031DD5061100805D45 /* Course+CoreDataProperties.swift in Sources */,
				3B8251951DDA8A07002943E1 /* EnrollCell.swift in Sources */,
				3B3276041DD5061100805D45 /* Student+CoreDataClass.swift in Sources */,
				3B82518A1DDA877D002943E1 /* StudentCell.swift in Sources */,
				3B3276021DD5061100805D45 /* Course+CoreDataClass.swift in Sources */,
				3B3275CB1DD4FFF800805D45 /* Tatoos.xcdatamodeld in Sources */,
				3B3275C51DD4FFF800805D45 /* ViewController.swift in Sources */,
				3B8251971DDA8C9E002943E1 /* AddStudentViewController.swift in Sources */,
				3BEC55D61DDBBB60000F9B09 /* AddCourseViewController.swift in Sources */,
				3B8251891DDA877D002943E1 /* EnrollCourseViewController.swift in Sources */,
				3B3275C31DD4FFF800805D45 /* AppDelegate.swift in Sources */,
				3BF1938A1DDBAC60000EB817 /* CourseListViewController.swift in Sources */,
				3B3276051DD5061100805D45 /* Student+CoreDataProperties.swift in Sources */,
				3B3275E51DD5012400805D45 /* DataManager.swift in Sources */,
				3B3275E31DD500CF00805D45 /* CoreDataStack.swift in Sources */,
			);
			runOnlyForDeploymentPostprocessing = 0;
		};
/* End PBXSourcesBuildPhase section */

/* Begin PBXTargetDependency section */
		3B3276941DD5243300805D45 /* PBXTargetDependency */ = {
			isa = PBXTargetDependency;
			name = "XCGLogger (iOS)";
			targetProxy = 3B3276931DD5243300805D45 /* PBXContainerItemProxy */;
		};
/* End PBXTargetDependency section */

/* Begin PBXVariantGroup section */
		3B3275C61DD4FFF800805D45 /* Main.storyboard */ = {
			isa = PBXVariantGroup;
			children = (
				3B3275C71DD4FFF800805D45 /* Base */,
			);
			name = Main.storyboard;
			sourceTree = "<group>";
		};
		3B3275CE1DD4FFF800805D45 /* LaunchScreen.storyboard */ = {
			isa = PBXVariantGroup;
			children = (
				3B3275CF1DD4FFF800805D45 /* Base */,
			);
			name = LaunchScreen.storyboard;
			sourceTree = "<group>";
		};
/* End PBXVariantGroup section */

/* Begin XCBuildConfiguration section */
		3B3275D21DD4FFF800805D45 /* Debug */ = {
			isa = XCBuildConfiguration;
			buildSettings = {
				ALWAYS_SEARCH_USER_PATHS = NO;
				CLANG_ANALYZER_NONNULL = YES;
				CLANG_CXX_LANGUAGE_STANDARD = "gnu++0x";
				CLANG_CXX_LIBRARY = "libc++";
				CLANG_ENABLE_MODULES = YES;
				CLANG_ENABLE_OBJC_ARC = YES;
				CLANG_WARN_BOOL_CONVERSION = YES;
				CLANG_WARN_CONSTANT_CONVERSION = YES;
				CLANG_WARN_DIRECT_OBJC_ISA_USAGE = YES_ERROR;
				CLANG_WARN_DOCUMENTATION_COMMENTS = YES;
				CLANG_WARN_EMPTY_BODY = YES;
				CLANG_WARN_ENUM_CONVERSION = YES;
				CLANG_WARN_INFINITE_RECURSION = YES;
				CLANG_WARN_INT_CONVERSION = YES;
				CLANG_WARN_OBJC_ROOT_CLASS = YES_ERROR;
				CLANG_WARN_SUSPICIOUS_MOVE = YES;
				CLANG_WARN_SUSPICIOUS_MOVES = YES;
				CLANG_WARN_UNREACHABLE_CODE = YES;
				CLANG_WARN__DUPLICATE_METHOD_MATCH = YES;
				"CODE_SIGN_IDENTITY[sdk=iphoneos*]" = "iPhone Developer";
				COPY_PHASE_STRIP = NO;
				DEBUG_INFORMATION_FORMAT = dwarf;
				ENABLE_STRICT_OBJC_MSGSEND = YES;
				ENABLE_TESTABILITY = YES;
				GCC_C_LANGUAGE_STANDARD = gnu99;
				GCC_DYNAMIC_NO_PIC = NO;
				GCC_NO_COMMON_BLOCKS = YES;
				GCC_OPTIMIZATION_LEVEL = 0;
				GCC_PREPROCESSOR_DEFINITIONS = (
					"DEBUG=1",
					"$(inherited)",
				);
				GCC_WARN_64_TO_32_BIT_CONVERSION = YES;
				GCC_WARN_ABOUT_RETURN_TYPE = YES_ERROR;
				GCC_WARN_UNDECLARED_SELECTOR = YES;
				GCC_WARN_UNINITIALIZED_AUTOS = YES_AGGRESSIVE;
				GCC_WARN_UNUSED_FUNCTION = YES;
				GCC_WARN_UNUSED_VARIABLE = YES;
				IPHONEOS_DEPLOYMENT_TARGET = 10.0;
				MTL_ENABLE_DEBUG_INFO = YES;
				ONLY_ACTIVE_ARCH = YES;
				SDKROOT = iphoneos;
				SWIFT_ACTIVE_COMPILATION_CONDITIONS = DEBUG;
				SWIFT_OPTIMIZATION_LEVEL = "-Onone";
			};
			name = Debug;
		};
		3B3275D31DD4FFF800805D45 /* Release */ = {
			isa = XCBuildConfiguration;
			buildSettings = {
				ALWAYS_SEARCH_USER_PATHS = NO;
				CLANG_ANALYZER_NONNULL = YES;
				CLANG_CXX_LANGUAGE_STANDARD = "gnu++0x";
				CLANG_CXX_LIBRARY = "libc++";
				CLANG_ENABLE_MODULES = YES;
				CLANG_ENABLE_OBJC_ARC = YES;
				CLANG_WARN_BOOL_CONVERSION = YES;
				CLANG_WARN_CONSTANT_CONVERSION = YES;
				CLANG_WARN_DIRECT_OBJC_ISA_USAGE = YES_ERROR;
				CLANG_WARN_DOCUMENTATION_COMMENTS = YES;
				CLANG_WARN_EMPTY_BODY = YES;
				CLANG_WARN_ENUM_CONVERSION = YES;
				CLANG_WARN_INFINITE_RECURSION = YES;
				CLANG_WARN_INT_CONVERSION = YES;
				CLANG_WARN_OBJC_ROOT_CLASS = YES_ERROR;
				CLANG_WARN_SUSPICIOUS_MOVE = YES;
				CLANG_WARN_SUSPICIOUS_MOVES = YES;
				CLANG_WARN_UNREACHABLE_CODE = YES;
				CLANG_WARN__DUPLICATE_METHOD_MATCH = YES;
				"CODE_SIGN_IDENTITY[sdk=iphoneos*]" = "iPhone Developer";
				COPY_PHASE_STRIP = NO;
				DEBUG_INFORMATION_FORMAT = "dwarf-with-dsym";
				ENABLE_NS_ASSERTIONS = NO;
				ENABLE_STRICT_OBJC_MSGSEND = YES;
				GCC_C_LANGUAGE_STANDARD = gnu99;
				GCC_NO_COMMON_BLOCKS = YES;
				GCC_WARN_64_TO_32_BIT_CONVERSION = YES;
				GCC_WARN_ABOUT_RETURN_TYPE = YES_ERROR;
				GCC_WARN_UNDECLARED_SELECTOR = YES;
				GCC_WARN_UNINITIALIZED_AUTOS = YES_AGGRESSIVE;
				GCC_WARN_UNUSED_FUNCTION = YES;
				GCC_WARN_UNUSED_VARIABLE = YES;
				IPHONEOS_DEPLOYMENT_TARGET = 10.0;
				MTL_ENABLE_DEBUG_INFO = NO;
				SDKROOT = iphoneos;
				SWIFT_OPTIMIZATION_LEVEL = "-Owholemodule";
				VALIDATE_PRODUCT = YES;
			};
			name = Release;
		};
		3B3275D51DD4FFF800805D45 /* Debug */ = {
			isa = XCBuildConfiguration;
			buildSettings = {
				ALWAYS_EMBED_SWIFT_STANDARD_LIBRARIES = YES;
				ASSETCATALOG_COMPILER_APPICON_NAME = AppIcon;
				DEVELOPMENT_TEAM = 2473KE85XF;
				INFOPLIST_FILE = Tatoos/Info.plist;
				LD_RUNPATH_SEARCH_PATHS = "$(inherited) @executable_path/Frameworks";
				"OTHER_SWIFT_FLAGS[arch=*]" = "-DUSE_NSLOG";
				PRODUCT_BUNDLE_IDENTIFIER = com.bluepego.Tatoos;
				PRODUCT_NAME = "$(TARGET_NAME)";
				SWIFT_VERSION = 3.0;
			};
			name = Debug;
		};
		3B3275D61DD4FFF800805D45 /* Release */ = {
			isa = XCBuildConfiguration;
			buildSettings = {
				ALWAYS_EMBED_SWIFT_STANDARD_LIBRARIES = YES;
				ASSETCATALOG_COMPILER_APPICON_NAME = AppIcon;
				DEVELOPMENT_TEAM = 2473KE85XF;
				INFOPLIST_FILE = Tatoos/Info.plist;
				LD_RUNPATH_SEARCH_PATHS = "$(inherited) @executable_path/Frameworks";
				PRODUCT_BUNDLE_IDENTIFIER = com.bluepego.Tatoos;
				PRODUCT_NAME = "$(TARGET_NAME)";
				SWIFT_VERSION = 3.0;
			};
			name = Release;
		};
/* End XCBuildConfiguration section */

/* Begin XCConfigurationList section */
		3B3275BA1DD4FFF800805D45 /* Build configuration list for PBXProject "Tatoos" */ = {
			isa = XCConfigurationList;
			buildConfigurations = (
				3B3275D21DD4FFF800805D45 /* Debug */,
				3B3275D31DD4FFF800805D45 /* Release */,
			);
			defaultConfigurationIsVisible = 0;
			defaultConfigurationName = Release;
		};
		3B3275D41DD4FFF800805D45 /* Build configuration list for PBXNativeTarget "Tatoos" */ = {
			isa = XCConfigurationList;
			buildConfigurations = (
				3B3275D51DD4FFF800805D45 /* Debug */,
				3B3275D61DD4FFF800805D45 /* Release */,
			);
			defaultConfigurationIsVisible = 0;
			defaultConfigurationName = Release;
		};
/* End XCConfigurationList section */

/* Begin XCVersionGroup section */
		3B3275C91DD4FFF800805D45 /* Tatoos.xcdatamodeld */ = {
			isa = XCVersionGroup;
			children = (
				3B3275CA1DD4FFF800805D45 /* Tatoos.xcdatamodel */,
			);
			currentVersion = 3B3275CA1DD4FFF800805D45 /* Tatoos.xcdatamodel */;
			path = Tatoos.xcdatamodeld;
			sourceTree = "<group>";
			versionGroupType = wrapper.xcdatamodel;
		};
/* End XCVersionGroup section */
	};
	rootObject = 3B3275B71DD4FFF800805D45 /* Project object */;
}
